
Microsoft Visual Studio Solution File, Format Version 12.00
# Visual Studio Version 16
VisualStudioVersion = 16.0.29201.188
MinimumVisualStudioVersion = 10.0.40219.1
Project("{FAE04EC0-301F-11D3-BF4B-00C04F79EFBC}") = "Detetive_1", "Detetive_1\Detetive_1.csproj", "{F032B564-8135-446D-818D-AD0CE199B409}"
EndProject
Global
	GlobalSection(SolutionConfigurationPlatforms) = preSolution
		Debug|Any CPU = Debug|Any CPU
		Release|Any CPU = Release|Any CPU
	EndGlobalSection
	GlobalSection(ProjectConfigurationPlatforms) = postSolution
		{F032B564-8135-446D-818D-AD0CE199B409}.Debug|Any CPU.ActiveCfg = Debug|Any CPU
		{F032B564-8135-446D-818D-AD0CE199B409}.Debug|Any CPU.Build.0 = Debug|Any CPU
		{F032B564-8135-446D-818D-AD0CE199B409}.Release|Any CPU.ActiveCfg = Release|Any CPU
		{F032B564-8135-446D-818D-AD0CE199B409}.Release|Any CPU.Build.0 = Release|Any CPU
	EndGlobalSection
	GlobalSection(SolutionProperties) = preSolution
		HideSolutionNode = FALSE
	EndGlobalSection
	GlobalSection(ExtensibilityGlobals) = postSolution
		SolutionGuid = {55225C15-E72E-409E-897E-66740C912A1B}
	EndGlobalSection
EndGlobal
